[[package]]
name = "pysmt"
version = "0.9.5"
summary = "A solver-agnostic library for SMT Formulae manipulation and solving"

[[package]]
name = "shortuuid"
version = "1.0.9"
requires_python = ">=3.5"
summary = "A generator library for concise, unambiguous and URL-safe UUIDs."

[metadata]
lock_version = "3.1"
content_hash = "sha256:47bd74d8754ef250a357b347004d7a541f1352f3e57428a2cd6dc777e80e9ba1"

[metadata.files]
"pysmt 0.9.5" = [
    {file = "PySMT-0.9.5-py2.py3-none-any.whl", hash = "sha256:0f95e6baa1f5672b414bda050d7b9f1f2d4e8cbfd48c7c0dc019b00b6c975a68"},
    {file = "PySMT-0.9.5.tar.gz", hash = "sha256:0c796a6d4e4c8b25ade9eca48b9876ce3a147f4e0c0b851469511f55b9a0ec47"},
]
"shortuuid 1.0.9" = [
    {file = "shortuuid-1.0.9-py3-none-any.whl", hash = "sha256:b2bb9eb7773170e253bb7ba25971023acb473517a8b76803d9618668cb1dd46f"},
    {file = "shortuuid-1.0.9.tar.gz", hash = "sha256:459f12fa1acc34ff213b1371467c0325169645a31ed989e268872339af7563d5"},
]
